// !$*UTF8*$!
{
	archiveVersion = 1;
	classes = {
	};
	objectVersion = 77;
	objects = {

/* Begin PBXBuildFile section */
		471955AC2EC0349400C72F91 /* Supabase in Frameworks */ = {isa = PBXBuildFile; productRef = 471955AB2EC0349400C72F91 /* Supabase */; };
		47CA3F3C2EC418A3004C79DB /* Debug.xcconfig in Resources */ = {isa = PBXBuildFile; fileRef = 47CA3F3B2EC418A3004C79DB /* Debug.xcconfig */; };
		47CA3F3E2EC418BB004C79DB /* Staging.xcconfig in Resources */ = {isa = PBXBuildFile; fileRef = 47CA3F3D2EC418BB004C79DB /* Staging.xcconfig */; };
		47CA3F402EC418C5004C79DB /* TestFlight.xcconfig in Resources */ = {isa = PBXBuildFile; fileRef = 47CA3F3F2EC418C5004C79DB /* TestFlight.xcconfig */; };
		47CA3F422EC418CF004C79DB /* Release.xcconfig in Resources */ = {isa = PBXBuildFile; fileRef = 47CA3F412EC418CF004C79DB /* Release.xcconfig */; };
		DE10012A2F3E2B0000A01001 /* ConfettiSwiftUI in Frameworks */ = {isa = PBXBuildFile; productRef = DE1001292F3E2B0000A01001 /* ConfettiSwiftUI */; };
		DE23C4D62EDD063000709B97 /* FoundationModels.framework in Frameworks */ = {isa = PBXBuildFile; fileRef = DE23C4D52EDD063000709B97 /* FoundationModels.framework */; };
		DE6E7D142ED7CEA8006CA4DD /* WidgetKit.framework in Frameworks */ = {isa = PBXBuildFile; fileRef = DE6E7D132ED7CEA8006CA4DD /* WidgetKit.framework */; };
		DE6E7D162ED7CEA8006CA4DD /* SwiftUI.framework in Frameworks */ = {isa = PBXBuildFile; fileRef = DE6E7D152ED7CEA8006CA4DD /* SwiftUI.framework */; };
		DE6E7D272ED7CEAA006CA4DD /* TrendyWidgetsExtension.appex in Embed Foundation Extensions */ = {isa = PBXBuildFile; fileRef = DE6E7D122ED7CEA8006CA4DD /* TrendyWidgetsExtension.appex */; settings = {ATTRIBUTES = (RemoveHeadersOnCopy, ); }; };
		DE6E7D5B2EF4A100006CA4DD /* ProductionDebug.xcconfig in Resources */ = {isa = PBXBuildFile; fileRef = DE6E7D5A2EF4A100006CA4DD /* ProductionDebug.xcconfig */; };
		DEEE12F62F0A0BC100610F03 /* PostHog in Frameworks */ = {isa = PBXBuildFile; productRef = 4719560B2EF5B10100C72F91 /* PostHog */; };
/* End PBXBuildFile section */

/* Begin PBXContainerItemProxy section */
		47312F3C2E2B3ECA00E7F111 /* PBXContainerItemProxy */ = {
			isa = PBXContainerItemProxy;
			containerPortal = 47312F242E2B3EC800E7F111 /* Project object */;
			proxyType = 1;
			remoteGlobalIDString = 47312F2B2E2B3EC800E7F111;
			remoteInfo = trendy;
		};
		47312F462E2B3ECA00E7F111 /* PBXContainerItemProxy */ = {
			isa = PBXContainerItemProxy;
			containerPortal = 47312F242E2B3EC800E7F111 /* Project object */;
			proxyType = 1;
			remoteGlobalIDString = 47312F2B2E2B3EC800E7F111;
			remoteInfo = trendy;
		};
		DE6E7D252ED7CEAA006CA4DD /* PBXContainerItemProxy */ = {
			isa = PBXContainerItemProxy;
			containerPortal = 47312F242E2B3EC800E7F111 /* Project object */;
			proxyType = 1;
			remoteGlobalIDString = DE6E7D112ED7CEA8006CA4DD;
			remoteInfo = TrendyWidgetsExtension;
		};
/* End PBXContainerItemProxy section */

/* Begin PBXCopyFilesBuildPhase section */
		DE6E7D282ED7CEAA006CA4DD /* Embed Foundation Extensions */ = {
			isa = PBXCopyFilesBuildPhase;
			buildActionMask = 2147483647;
			dstPath = "";
			dstSubfolderSpec = 13;
			files = (
				DE6E7D272ED7CEAA006CA4DD /* TrendyWidgetsExtension.appex in Embed Foundation Extensions */,
			);
			name = "Embed Foundation Extensions";
			runOnlyForDeploymentPostprocessing = 0;
		};
/* End PBXCopyFilesBuildPhase section */

/* Begin PBXFileReference section */
		47312F2C2E2B3EC800E7F111 /* trendy.app */ = {isa = PBXFileReference; explicitFileType = wrapper.application; includeInIndex = 0; path = trendy.app; sourceTree = BUILT_PRODUCTS_DIR; };
		47312F3B2E2B3ECA00E7F111 /* trendyTests.xctest */ = {isa = PBXFileReference; explicitFileType = wrapper.cfbundle; includeInIndex = 0; path = trendyTests.xctest; sourceTree = BUILT_PRODUCTS_DIR; };
		47312F452E2B3ECA00E7F111 /* trendyUITests.xctest */ = {isa = PBXFileReference; explicitFileType = wrapper.cfbundle; includeInIndex = 0; path = trendyUITests.xctest; sourceTree = BUILT_PRODUCTS_DIR; };
		47CA3F3B2EC418A3004C79DB /* Debug.xcconfig */ = {isa = PBXFileReference; lastKnownFileType = text.xcconfig; path = Config/Debug.xcconfig; sourceTree = "<group>"; };
		47CA3F3D2EC418BB004C79DB /* Staging.xcconfig */ = {isa = PBXFileReference; lastKnownFileType = text.xcconfig; path = Config/Staging.xcconfig; sourceTree = "<group>"; };
		47CA3F3F2EC418C5004C79DB /* TestFlight.xcconfig */ = {isa = PBXFileReference; lastKnownFileType = text.xcconfig; path = Config/TestFlight.xcconfig; sourceTree = "<group>"; };
		47CA3F412EC418CF004C79DB /* Release.xcconfig */ = {isa = PBXFileReference; lastKnownFileType = text.xcconfig; path = Config/Release.xcconfig; sourceTree = "<group>"; };
		DE23C4D52EDD063000709B97 /* FoundationModels.framework */ = {isa = PBXFileReference; lastKnownFileType = wrapper.framework; name = FoundationModels.framework; path = System/Library/Frameworks/FoundationModels.framework; sourceTree = SDKROOT; };
		DE6E7A3A2ED1651D006CA4DD /* TestGeofence.gpx */ = {isa = PBXFileReference; lastKnownFileType = text.xml; name = TestGeofence.gpx; path = trendy/Models/TestGeofence.gpx; sourceTree = "<group>"; };
		DE6E7A3B2ED1651D006CA4DD /* TestGeofence 2.gpx */ = {isa = PBXFileReference; lastKnownFileType = text.xml; name = "TestGeofence 2.gpx"; path = "trendy/Models/TestGeofence 2.gpx"; sourceTree = "<group>"; };
		DE6E7D122ED7CEA8006CA4DD /* TrendyWidgetsExtension.appex */ = {isa = PBXFileReference; explicitFileType = "wrapper.app-extension"; includeInIndex = 0; path = TrendyWidgetsExtension.appex; sourceTree = BUILT_PRODUCTS_DIR; };
		DE6E7D132ED7CEA8006CA4DD /* WidgetKit.framework */ = {isa = PBXFileReference; lastKnownFileType = wrapper.framework; name = WidgetKit.framework; path = System/Library/Frameworks/WidgetKit.framework; sourceTree = SDKROOT; };
		DE6E7D152ED7CEA8006CA4DD /* SwiftUI.framework */ = {isa = PBXFileReference; lastKnownFileType = wrapper.framework; name = SwiftUI.framework; path = System/Library/Frameworks/SwiftUI.framework; sourceTree = SDKROOT; };
		DE6E7D582ED7D164006CA4DD /* TrendyWidgetsExtension.entitlements */ = {isa = PBXFileReference; lastKnownFileType = text.plist.entitlements; path = TrendyWidgetsExtension.entitlements; sourceTree = "<group>"; };
		DE6E7D5A2EF4A100006CA4DD /* ProductionDebug.xcconfig */ = {isa = PBXFileReference; lastKnownFileType = text.xcconfig; path = Config/ProductionDebug.xcconfig; sourceTree = "<group>"; };
/* End PBXFileReference section */

/* Begin PBXFileSystemSynchronizedBuildFileExceptionSet section */
		DE6E7D2D2ED7CEAA006CA4DD /* Exceptions for "TrendyWidgets" folder in "TrendyWidgetsExtension" target */ = {
			isa = PBXFileSystemSynchronizedBuildFileExceptionSet;
			membershipExceptions = (
				Info.plist,
			);
			target = DE6E7D112ED7CEA8006CA4DD /* TrendyWidgetsExtension */;
		};
		DE6E7D542ED7D0D4006CA4DD /* Exceptions for "trendy" folder in "TrendyWidgetsExtension" target */ = {
			isa = PBXFileSystemSynchronizedBuildFileExceptionSet;
			membershipExceptions = (
				Models/Event.swift,
				Models/EventType.swift,
				Models/PropertyDefinition.swift,
				Models/PropertyValue.swift,
				Models/SyncStatus.swift,
				Utilities/UUIDv7.swift,
			);
			target = DE6E7D112ED7CEA8006CA4DD /* TrendyWidgetsExtension */;
		};
/* End PBXFileSystemSynchronizedBuildFileExceptionSet section */

/* Begin PBXFileSystemSynchronizedRootGroup section */
		47312F2E2E2B3EC800E7F111 /* trendy */ = {
			isa = PBXFileSystemSynchronizedRootGroup;
			exceptions = (
				DE6E7D542ED7D0D4006CA4DD /* Exceptions for "trendy" folder in "TrendyWidgetsExtension" target */,
			);
			path = trendy;
			sourceTree = "<group>";
		};
		47312F3E2E2B3ECA00E7F111 /* trendyTests */ = {
			isa = PBXFileSystemSynchronizedRootGroup;
			exceptions = (
			);
			path = trendyTests;
			sourceTree = "<group>";
		};
		47312F482E2B3ECA00E7F111 /* trendyUITests */ = {
			isa = PBXFileSystemSynchronizedRootGroup;
			exceptions = (
			);
			path = trendyUITests;
			sourceTree = "<group>";
		};
		DE6E7D172ED7CEA8006CA4DD /* TrendyWidgets */ = {
			isa = PBXFileSystemSynchronizedRootGroup;
			exceptions = (
				DE6E7D2D2ED7CEAA006CA4DD /* Exceptions for "TrendyWidgets" folder in "TrendyWidgetsExtension" target */,
			);
			path = TrendyWidgets;
			sourceTree = "<group>";
		};
/* End PBXFileSystemSynchronizedRootGroup section */

/* Begin PBXFrameworksBuildPhase section */
		47312F292E2B3EC800E7F111 /* Frameworks */ = {
			isa = PBXFrameworksBuildPhase;
			buildActionMask = 2147483647;
			files = (
				DEEE12F62F0A0BC100610F03 /* PostHog in Frameworks */,
				DE23C4D62EDD063000709B97 /* FoundationModels.framework in Frameworks */,
				471955AC2EC0349400C72F91 /* Supabase in Frameworks */,
				DE10012A2F3E2B0000A01001 /* ConfettiSwiftUI in Frameworks */,
			);
			runOnlyForDeploymentPostprocessing = 0;
		};
		47312F382E2B3ECA00E7F111 /* Frameworks */ = {
			isa = PBXFrameworksBuildPhase;
			buildActionMask = 2147483647;
			files = (
			);
			runOnlyForDeploymentPostprocessing = 0;
		};
		47312F422E2B3ECA00E7F111 /* Frameworks */ = {
			isa = PBXFrameworksBuildPhase;
			buildActionMask = 2147483647;
			files = (
			);
			runOnlyForDeploymentPostprocessing = 0;
		};
		DE6E7D0F2ED7CEA8006CA4DD /* Frameworks */ = {
			isa = PBXFrameworksBuildPhase;
			buildActionMask = 2147483647;
			files = (
				DE6E7D162ED7CEA8006CA4DD /* SwiftUI.framework in Frameworks */,
				DE6E7D142ED7CEA8006CA4DD /* WidgetKit.framework in Frameworks */,
			);
			runOnlyForDeploymentPostprocessing = 0;
		};
/* End PBXFrameworksBuildPhase section */

/* Begin PBXGroup section */
		471955A02EC0349400C72F91 /* Frameworks */ = {
			isa = PBXGroup;
			children = (
				DE23C4D52EDD063000709B97 /* FoundationModels.framework */,
				DE6E7D132ED7CEA8006CA4DD /* WidgetKit.framework */,
				DE6E7D152ED7CEA8006CA4DD /* SwiftUI.framework */,
			);
			name = Frameworks;
			sourceTree = "<group>";
		};
		47312F232E2B3EC800E7F111 = {
			isa = PBXGroup;
			children = (
				DE6E7D582ED7D164006CA4DD /* TrendyWidgetsExtension.entitlements */,
				DE6E7A3A2ED1651D006CA4DD /* TestGeofence.gpx */,
				DE6E7A3B2ED1651D006CA4DD /* TestGeofence 2.gpx */,
				47312F2E2E2B3EC800E7F111 /* trendy */,
				47312F3E2E2B3ECA00E7F111 /* trendyTests */,
				47312F482E2B3ECA00E7F111 /* trendyUITests */,
				DE6E7D172ED7CEA8006CA4DD /* TrendyWidgets */,
				471955A02EC0349400C72F91 /* Frameworks */,
				47312F2D2E2B3EC800E7F111 /* Products */,
				47CA3F3B2EC418A3004C79DB /* Debug.xcconfig */,
				47CA3F3D2EC418BB004C79DB /* Staging.xcconfig */,
				47CA3F3F2EC418C5004C79DB /* TestFlight.xcconfig */,
				47CA3F412EC418CF004C79DB /* Release.xcconfig */,
				DE6E7D5A2EF4A100006CA4DD /* ProductionDebug.xcconfig */,
			);
			sourceTree = "<group>";
		};
		47312F2D2E2B3EC800E7F111 /* Products */ = {
			isa = PBXGroup;
			children = (
				47312F2C2E2B3EC800E7F111 /* trendy.app */,
				47312F3B2E2B3ECA00E7F111 /* trendyTests.xctest */,
				47312F452E2B3ECA00E7F111 /* trendyUITests.xctest */,
				DE6E7D122ED7CEA8006CA4DD /* TrendyWidgetsExtension.appex */,
			);
			name = Products;
			sourceTree = "<group>";
		};
/* End PBXGroup section */

/* Begin PBXNativeTarget section */
		47312F2B2E2B3EC800E7F111 /* trendy */ = {
			isa = PBXNativeTarget;
			buildConfigurationList = 47312F4F2E2B3ECA00E7F111 /* Build configuration list for PBXNativeTarget "trendy" */;
			buildPhases = (
				47312F282E2B3EC800E7F111 /* Sources */,
				47312F292E2B3EC800E7F111 /* Frameworks */,
				47312F2A2E2B3EC800E7F111 /* Resources */,
				DE6E7D282ED7CEAA006CA4DD /* Embed Foundation Extensions */,
			);
			buildRules = (
			);
			dependencies = (
				DE6E7D262ED7CEAA006CA4DD /* PBXTargetDependency */,
			);
			fileSystemSynchronizedGroups = (
				47312F2E2E2B3EC800E7F111 /* trendy */,
			);
			name = trendy;
			packageProductDependencies = (
				471955AB2EC0349400C72F91 /* Supabase */,
				4719560B2EF5B10100C72F91 /* PostHog */,
				DE1001292F3E2B0000A01001 /* ConfettiSwiftUI */,
			);
			productName = trendy;
			productReference = 47312F2C2E2B3EC800E7F111 /* trendy.app */;
			productType = "com.apple.product-type.application";
		};
		47312F3A2E2B3ECA00E7F111 /* trendyTests */ = {
			isa = PBXNativeTarget;
			buildConfigurationList = 47312F522E2B3ECA00E7F111 /* Build configuration list for PBXNativeTarget "trendyTests" */;
			buildPhases = (
				47312F372E2B3ECA00E7F111 /* Sources */,
				47312F382E2B3ECA00E7F111 /* Frameworks */,
				47312F392E2B3ECA00E7F111 /* Resources */,
			);
			buildRules = (
			);
			dependencies = (
				47312F3D2E2B3ECA00E7F111 /* PBXTargetDependency */,
			);
			fileSystemSynchronizedGroups = (
				47312F3E2E2B3ECA00E7F111 /* trendyTests */,
			);
			name = trendyTests;
			productName = trendyTests;
			productReference = 47312F3B2E2B3ECA00E7F111 /* trendyTests.xctest */;
			productType = "com.apple.product-type.bundle.unit-test";
		};
		47312F442E2B3ECA00E7F111 /* trendyUITests */ = {
			isa = PBXNativeTarget;
			buildConfigurationList = 47312F552E2B3ECA00E7F111 /* Build configuration list for PBXNativeTarget "trendyUITests" */;
			buildPhases = (
				47312F412E2B3ECA00E7F111 /* Sources */,
				47312F422E2B3ECA00E7F111 /* Frameworks */,
				47312F432E2B3ECA00E7F111 /* Resources */,
			);
			buildRules = (
			);
			dependencies = (
				47312F472E2B3ECA00E7F111 /* PBXTargetDependency */,
			);
			fileSystemSynchronizedGroups = (
				47312F482E2B3ECA00E7F111 /* trendyUITests */,
			);
			name = trendyUITests;
			productName = trendyUITests;
			productReference = 47312F452E2B3ECA00E7F111 /* trendyUITests.xctest */;
			productType = "com.apple.product-type.bundle.ui-testing";
		};
		DE6E7D112ED7CEA8006CA4DD /* TrendyWidgetsExtension */ = {
			isa = PBXNativeTarget;
			buildConfigurationList = DE6E7D2E2ED7CEAA006CA4DD /* Build configuration list for PBXNativeTarget "TrendyWidgetsExtension" */;
			buildPhases = (
				DE6E7D0E2ED7CEA8006CA4DD /* Sources */,
				DE6E7D0F2ED7CEA8006CA4DD /* Frameworks */,
				DE6E7D102ED7CEA8006CA4DD /* Resources */,
			);
			buildRules = (
			);
			dependencies = (
			);
			fileSystemSynchronizedGroups = (
				DE6E7D172ED7CEA8006CA4DD /* TrendyWidgets */,
			);
			name = TrendyWidgetsExtension;
			productName = TrendyWidgetsExtension;
			productReference = DE6E7D122ED7CEA8006CA4DD /* TrendyWidgetsExtension.appex */;
			productType = "com.apple.product-type.app-extension";
		};
/* End PBXNativeTarget section */

/* Begin PBXProject section */
		47312F242E2B3EC800E7F111 /* Project object */ = {
			isa = PBXProject;
			attributes = {
				BuildIndependentTargetsInParallel = 1;
				LastSwiftUpdateCheck = 2610;
				LastUpgradeCheck = 2610;
				TargetAttributes = {
					47312F2B2E2B3EC800E7F111 = {
						CreatedOnToolsVersion = 16.4;
					};
					47312F3A2E2B3ECA00E7F111 = {
						CreatedOnToolsVersion = 16.4;
						TestTargetID = 47312F2B2E2B3EC800E7F111;
					};
					47312F442E2B3ECA00E7F111 = {
						CreatedOnToolsVersion = 16.4;
						TestTargetID = 47312F2B2E2B3EC800E7F111;
					};
					DE6E7D112ED7CEA8006CA4DD = {
						CreatedOnToolsVersion = 26.1.1;
					};
				};
			};
			buildConfigurationList = 47312F272E2B3EC800E7F111 /* Build configuration list for PBXProject "trendy" */;
			developmentRegion = en;
			hasScannedForEncodings = 0;
			knownRegions = (
				en,
				Base,
			);
			mainGroup = 47312F232E2B3EC800E7F111;
			minimizedProjectReferenceProxies = 1;
			packageReferences = (
				4719559F2EC032B500C72F91 /* XCRemoteSwiftPackageReference "supabase-swift" */,
				4719560A2EF5B10000C72F91 /* XCRemoteSwiftPackageReference "posthog-ios" */,
				DE1001282F3E2B0000A01001 /* XCRemoteSwiftPackageReference "ConfettiSwiftUI" */,
			);
			preferredProjectObjectVersion = 77;
			productRefGroup = 47312F2D2E2B3EC800E7F111 /* Products */;
			projectDirPath = "";
			projectRoot = "";
			targets = (
				47312F2B2E2B3EC800E7F111 /* trendy */,
				47312F3A2E2B3ECA00E7F111 /* trendyTests */,
				47312F442E2B3ECA00E7F111 /* trendyUITests */,
				DE6E7D112ED7CEA8006CA4DD /* TrendyWidgetsExtension */,
			);
		};
/* End PBXProject section */

/* Begin PBXResourcesBuildPhase section */
		47312F2A2E2B3EC800E7F111 /* Resources */ = {
			isa = PBXResourcesBuildPhase;
			buildActionMask = 2147483647;
			files = (
				47CA3F3E2EC418BB004C79DB /* Staging.xcconfig in Resources */,
				47CA3F422EC418CF004C79DB /* Release.xcconfig in Resources */,
				47CA3F3C2EC418A3004C79DB /* Debug.xcconfig in Resources */,
				47CA3F402EC418C5004C79DB /* TestFlight.xcconfig in Resources */,
				DE6E7D5B2EF4A100006CA4DD /* ProductionDebug.xcconfig in Resources */,
			);
			runOnlyForDeploymentPostprocessing = 0;
		};
		47312F392E2B3ECA00E7F111 /* Resources */ = {
			isa = PBXResourcesBuildPhase;
			buildActionMask = 2147483647;
			files = (
			);
			runOnlyForDeploymentPostprocessing = 0;
		};
		47312F432E2B3ECA00E7F111 /* Resources */ = {
			isa = PBXResourcesBuildPhase;
			buildActionMask = 2147483647;
			files = (
			);
			runOnlyForDeploymentPostprocessing = 0;
		};
		DE6E7D102ED7CEA8006CA4DD /* Resources */ = {
			isa = PBXResourcesBuildPhase;
			buildActionMask = 2147483647;
			files = (
			);
			runOnlyForDeploymentPostprocessing = 0;
		};
/* End PBXResourcesBuildPhase section */

/* Begin PBXSourcesBuildPhase section */
		47312F282E2B3EC800E7F111 /* Sources */ = {
			isa = PBXSourcesBuildPhase;
			buildActionMask = 2147483647;
			files = (
			);
			runOnlyForDeploymentPostprocessing = 0;
		};
		47312F372E2B3ECA00E7F111 /* Sources */ = {
			isa = PBXSourcesBuildPhase;
			buildActionMask = 2147483647;
			files = (
			);
			runOnlyForDeploymentPostprocessing = 0;
		};
		47312F412E2B3ECA00E7F111 /* Sources */ = {
			isa = PBXSourcesBuildPhase;
			buildActionMask = 2147483647;
			files = (
			);
			runOnlyForDeploymentPostprocessing = 0;
		};
		DE6E7D0E2ED7CEA8006CA4DD /* Sources */ = {
			isa = PBXSourcesBuildPhase;
			buildActionMask = 2147483647;
			files = (
			);
			runOnlyForDeploymentPostprocessing = 0;
		};
/* End PBXSourcesBuildPhase section */

/* Begin PBXTargetDependency section */
		47312F3D2E2B3ECA00E7F111 /* PBXTargetDependency */ = {
			isa = PBXTargetDependency;
			target = 47312F2B2E2B3EC800E7F111 /* trendy */;
			targetProxy = 47312F3C2E2B3ECA00E7F111 /* PBXContainerItemProxy */;
		};
		47312F472E2B3ECA00E7F111 /* PBXTargetDependency */ = {
			isa = PBXTargetDependency;
			target = 47312F2B2E2B3EC800E7F111 /* trendy */;
			targetProxy = 47312F462E2B3ECA00E7F111 /* PBXContainerItemProxy */;
		};
		DE6E7D262ED7CEAA006CA4DD /* PBXTargetDependency */ = {
			isa = PBXTargetDependency;
			target = DE6E7D112ED7CEA8006CA4DD /* TrendyWidgetsExtension */;
			targetProxy = DE6E7D252ED7CEAA006CA4DD /* PBXContainerItemProxy */;
		};
/* End PBXTargetDependency section */

/* Begin XCBuildConfiguration section */
		47312F4D2E2B3ECA00E7F111 /* Debug */ = {
			isa = XCBuildConfiguration;
			baseConfigurationReference = 47CA3F3B2EC418A3004C79DB /* Debug.xcconfig */;
			buildSettings = {
				ALWAYS_SEARCH_USER_PATHS = NO;
				ASSETCATALOG_COMPILER_GENERATE_SWIFT_ASSET_SYMBOL_EXTENSIONS = YES;
				CLANG_ANALYZER_NONNULL = YES;
				CLANG_ANALYZER_NUMBER_OBJECT_CONVERSION = YES_AGGRESSIVE;
				CLANG_CXX_LANGUAGE_STANDARD = "gnu++20";
				CLANG_ENABLE_MODULES = YES;
				CLANG_ENABLE_OBJC_ARC = YES;
				CLANG_ENABLE_OBJC_WEAK = YES;
				CLANG_WARN_BLOCK_CAPTURE_AUTORELEASING = YES;
				CLANG_WARN_BOOL_CONVERSION = YES;
				CLANG_WARN_COMMA = YES;
				CLANG_WARN_CONSTANT_CONVERSION = YES;
				CLANG_WARN_DEPRECATED_OBJC_IMPLEMENTATIONS = YES;
				CLANG_WARN_DIRECT_OBJC_ISA_USAGE = YES_ERROR;
				CLANG_WARN_DOCUMENTATION_COMMENTS = YES;
				CLANG_WARN_EMPTY_BODY = YES;
				CLANG_WARN_ENUM_CONVERSION = YES;
				CLANG_WARN_INFINITE_RECURSION = YES;
				CLANG_WARN_INT_CONVERSION = YES;
				CLANG_WARN_NON_LITERAL_NULL_CONVERSION = YES;
				CLANG_WARN_OBJC_IMPLICIT_RETAIN_SELF = YES;
				CLANG_WARN_OBJC_LITERAL_CONVERSION = YES;
				CLANG_WARN_OBJC_ROOT_CLASS = YES_ERROR;
				CLANG_WARN_QUOTED_INCLUDE_IN_FRAMEWORK_HEADER = YES;
				CLANG_WARN_RANGE_LOOP_ANALYSIS = YES;
				CLANG_WARN_STRICT_PROTOTYPES = YES;
				CLANG_WARN_SUSPICIOUS_MOVE = YES;
				CLANG_WARN_UNGUARDED_AVAILABILITY = YES_AGGRESSIVE;
				CLANG_WARN_UNREACHABLE_CODE = YES;
				CLANG_WARN__DUPLICATE_METHOD_MATCH = YES;
				COPY_PHASE_STRIP = NO;
				DEBUG_INFORMATION_FORMAT = dwarf;
				DEVELOPMENT_TEAM = 6H6N882H4S;
				ENABLE_STRICT_OBJC_MSGSEND = YES;
				ENABLE_TESTABILITY = YES;
				ENABLE_USER_SCRIPT_SANDBOXING = YES;
				GCC_C_LANGUAGE_STANDARD = gnu17;
				GCC_DYNAMIC_NO_PIC = NO;
				GCC_NO_COMMON_BLOCKS = YES;
				GCC_OPTIMIZATION_LEVEL = 0;
				GCC_PREPROCESSOR_DEFINITIONS = (
					"DEBUG=1",
					"$(inherited)",
				);
				GCC_WARN_64_TO_32_BIT_CONVERSION = YES;
				GCC_WARN_ABOUT_RETURN_TYPE = YES_ERROR;
				GCC_WARN_UNDECLARED_SELECTOR = YES;
				GCC_WARN_UNINITIALIZED_AUTOS = YES_AGGRESSIVE;
				GCC_WARN_UNUSED_FUNCTION = YES;
				GCC_WARN_UNUSED_VARIABLE = YES;
				IPHONEOS_DEPLOYMENT_TARGET = 18.5;
				LOCALIZATION_PREFERS_STRING_CATALOGS = YES;
				MTL_ENABLE_DEBUG_INFO = INCLUDE_SOURCE;
				MTL_FAST_MATH = YES;
				ONLY_ACTIVE_ARCH = YES;
				SDKROOT = iphoneos;
				STRING_CATALOG_GENERATE_SYMBOLS = YES;
				SWIFT_ACTIVE_COMPILATION_CONDITIONS = "DEBUG $(inherited)";
				SWIFT_OPTIMIZATION_LEVEL = "-Onone";
			};
			name = Debug;
		};
		47312F4E2E2B3ECA00E7F111 /* Release */ = {
			isa = XCBuildConfiguration;
			baseConfigurationReference = 47CA3F412EC418CF004C79DB /* Release.xcconfig */;
			buildSettings = {
				ALWAYS_SEARCH_USER_PATHS = NO;
				ASSETCATALOG_COMPILER_GENERATE_SWIFT_ASSET_SYMBOL_EXTENSIONS = YES;
				CLANG_ANALYZER_NONNULL = YES;
				CLANG_ANALYZER_NUMBER_OBJECT_CONVERSION = YES_AGGRESSIVE;
				CLANG_CXX_LANGUAGE_STANDARD = "gnu++20";
				CLANG_ENABLE_MODULES = YES;
				CLANG_ENABLE_OBJC_ARC = YES;
				CLANG_ENABLE_OBJC_WEAK = YES;
				CLANG_WARN_BLOCK_CAPTURE_AUTORELEASING = YES;
				CLANG_WARN_BOOL_CONVERSION = YES;
				CLANG_WARN_COMMA = YES;
				CLANG_WARN_CONSTANT_CONVERSION = YES;
				CLANG_WARN_DEPRECATED_OBJC_IMPLEMENTATIONS = YES;
				CLANG_WARN_DIRECT_OBJC_ISA_USAGE = YES_ERROR;
				CLANG_WARN_DOCUMENTATION_COMMENTS = YES;
				CLANG_WARN_EMPTY_BODY = YES;
				CLANG_WARN_ENUM_CONVERSION = YES;
				CLANG_WARN_INFINITE_RECURSION = YES;
				CLANG_WARN_INT_CONVERSION = YES;
				CLANG_WARN_NON_LITERAL_NULL_CONVERSION = YES;
				CLANG_WARN_OBJC_IMPLICIT_RETAIN_SELF = YES;
				CLANG_WARN_OBJC_LITERAL_CONVERSION = YES;
				CLANG_WARN_OBJC_ROOT_CLASS = YES_ERROR;
				CLANG_WARN_QUOTED_INCLUDE_IN_FRAMEWORK_HEADER = YES;
				CLANG_WARN_RANGE_LOOP_ANALYSIS = YES;
				CLANG_WARN_STRICT_PROTOTYPES = YES;
				CLANG_WARN_SUSPICIOUS_MOVE = YES;
				CLANG_WARN_UNGUARDED_AVAILABILITY = YES_AGGRESSIVE;
				CLANG_WARN_UNREACHABLE_CODE = YES;
				CLANG_WARN__DUPLICATE_METHOD_MATCH = YES;
				COPY_PHASE_STRIP = NO;
				DEBUG_INFORMATION_FORMAT = "dwarf-with-dsym";
				DEVELOPMENT_TEAM = 6H6N882H4S;
				ENABLE_NS_ASSERTIONS = NO;
				ENABLE_STRICT_OBJC_MSGSEND = YES;
				ENABLE_USER_SCRIPT_SANDBOXING = YES;
				GCC_C_LANGUAGE_STANDARD = gnu17;
				GCC_NO_COMMON_BLOCKS = YES;
				GCC_WARN_64_TO_32_BIT_CONVERSION = YES;
				GCC_WARN_ABOUT_RETURN_TYPE = YES_ERROR;
				GCC_WARN_UNDECLARED_SELECTOR = YES;
				GCC_WARN_UNINITIALIZED_AUTOS = YES_AGGRESSIVE;
				GCC_WARN_UNUSED_FUNCTION = YES;
				GCC_WARN_UNUSED_VARIABLE = YES;
				IPHONEOS_DEPLOYMENT_TARGET = 18.5;
				LOCALIZATION_PREFERS_STRING_CATALOGS = YES;
				MTL_ENABLE_DEBUG_INFO = NO;
				MTL_FAST_MATH = YES;
				SDKROOT = iphoneos;
				STRING_CATALOG_GENERATE_SYMBOLS = YES;
				SWIFT_COMPILATION_MODE = wholemodule;
				VALIDATE_PRODUCT = YES;
			};
			name = Release;
		};
		47312F502E2B3ECA00E7F111 /* Debug */ = {
			isa = XCBuildConfiguration;
			baseConfigurationReference = 47CA3F3B2EC418A3004C79DB /* Debug.xcconfig */;
			buildSettings = {
				ASSETCATALOG_COMPILER_APPICON_NAME = AppIcon;
				ASSETCATALOG_COMPILER_GLOBAL_ACCENT_COLOR_NAME = AccentColor;
				CODE_SIGN_ENTITLEMENTS = trendy/trendy.entitlements;
				CODE_SIGN_STYLE = Automatic;
				CURRENT_PROJECT_VERSION = 1;
				DEVELOPMENT_TEAM = 6H6N882H4S;
				ENABLE_PREVIEWS = YES;
				GENERATE_INFOPLIST_FILE = NO;
				INFOPLIST_FILE = "trendy/trendy-Info.plist";
				INFOPLIST_KEY_NSCalendarsFullAccessUsageDescription = "This app needs full access to your calendar to import events for tracking and visualization.";
				INFOPLIST_KEY_NSCalendarsUsageDescription = "This app needs access to your calendar to import events for tracking and visualization.";
				INFOPLIST_KEY_UIApplicationSceneManifest_Generation = YES;
				INFOPLIST_KEY_UIApplicationSupportsIndirectInputEvents = YES;
				INFOPLIST_KEY_UILaunchScreen_Generation = YES;
				INFOPLIST_KEY_UISupportedInterfaceOrientations_iPad = "UIInterfaceOrientationPortrait UIInterfaceOrientationPortraitUpsideDown UIInterfaceOrientationLandscapeLeft UIInterfaceOrientationLandscapeRight";
				INFOPLIST_KEY_UISupportedInterfaceOrientations_iPhone = "UIInterfaceOrientationPortrait UIInterfaceOrientationLandscapeLeft UIInterfaceOrientationLandscapeRight";
				IPHONEOS_DEPLOYMENT_TARGET = 26.0;
				LD_RUNPATH_SEARCH_PATHS = (
					"$(inherited)",
					"@executable_path/Frameworks",
				);
				MARKETING_VERSION = 1.0;
				PRODUCT_NAME = "$(TARGET_NAME)";
				SWIFT_EMIT_LOC_STRINGS = YES;
				SWIFT_VERSION = 5.0;
				TARGETED_DEVICE_FAMILY = "1,2";
			};
			name = Debug;
		};
		47312F512E2B3ECA00E7F111 /* Release */ = {
			isa = XCBuildConfiguration;
			baseConfigurationReference = 47CA3F412EC418CF004C79DB /* Release.xcconfig */;
			buildSettings = {
				ASSETCATALOG_COMPILER_APPICON_NAME = AppIcon;
				ASSETCATALOG_COMPILER_GLOBAL_ACCENT_COLOR_NAME = AccentColor;
				CODE_SIGN_ENTITLEMENTS = trendy/trendy.entitlements;
				CODE_SIGN_STYLE = Automatic;
				CURRENT_PROJECT_VERSION = 1;
				DEVELOPMENT_TEAM = 6H6N882H4S;
				ENABLE_PREVIEWS = YES;
				GENERATE_INFOPLIST_FILE = NO;
				INFOPLIST_FILE = "trendy/trendy-Info.plist";
				INFOPLIST_KEY_NSCalendarsFullAccessUsageDescription = "This app needs full access to your calendar to import events for tracking and visualization.";
				INFOPLIST_KEY_NSCalendarsUsageDescription = "This app needs access to your calendar to import events for tracking and visualization.";
				INFOPLIST_KEY_UIApplicationSceneManifest_Generation = YES;
				INFOPLIST_KEY_UIApplicationSupportsIndirectInputEvents = YES;
				INFOPLIST_KEY_UILaunchScreen_Generation = YES;
				INFOPLIST_KEY_UISupportedInterfaceOrientations_iPad = "UIInterfaceOrientationPortrait UIInterfaceOrientationPortraitUpsideDown UIInterfaceOrientationLandscapeLeft UIInterfaceOrientationLandscapeRight";
				INFOPLIST_KEY_UISupportedInterfaceOrientations_iPhone = "UIInterfaceOrientationPortrait UIInterfaceOrientationLandscapeLeft UIInterfaceOrientationLandscapeRight";
				IPHONEOS_DEPLOYMENT_TARGET = 26.0;
				LD_RUNPATH_SEARCH_PATHS = (
					"$(inherited)",
					"@executable_path/Frameworks",
				);
				MARKETING_VERSION = 1.0;
				PRODUCT_NAME = "$(TARGET_NAME)";
				SWIFT_EMIT_LOC_STRINGS = YES;
				SWIFT_VERSION = 5.0;
				TARGETED_DEVICE_FAMILY = "1,2";
			};
			name = Release;
		};
		47312F532E2B3ECA00E7F111 /* Debug */ = {
			isa = XCBuildConfiguration;
			buildSettings = {
				BUNDLE_LOADER = "$(TEST_HOST)";
				CODE_SIGN_STYLE = Automatic;
				CURRENT_PROJECT_VERSION = 1;
				DEVELOPMENT_TEAM = 6H6N882H4S;
				GENERATE_INFOPLIST_FILE = NO;
				INFOPLIST_FILE = "trendy/trendy-Info.plist";
				IPHONEOS_DEPLOYMENT_TARGET = 26.0;
				MARKETING_VERSION = 1.0;
				PRODUCT_BUNDLE_IDENTIFIER = com.memento.trendyTests;
				PRODUCT_NAME = "$(TARGET_NAME)";
				SWIFT_EMIT_LOC_STRINGS = NO;
				SWIFT_VERSION = 5.0;
				TARGETED_DEVICE_FAMILY = "1,2";
				TEST_HOST = "$(BUILT_PRODUCTS_DIR)/trendy.app/$(BUNDLE_EXECUTABLE_FOLDER_PATH)/trendy";
			};
			name = Debug;
		};
		47312F542E2B3ECA00E7F111 /* Release */ = {
			isa = XCBuildConfiguration;
			buildSettings = {
				BUNDLE_LOADER = "$(TEST_HOST)";
				CODE_SIGN_STYLE = Automatic;
				CURRENT_PROJECT_VERSION = 1;
				DEVELOPMENT_TEAM = 6H6N882H4S;
				GENERATE_INFOPLIST_FILE = NO;
				INFOPLIST_FILE = "trendy/trendy-Info.plist";
				IPHONEOS_DEPLOYMENT_TARGET = 26.0;
				MARKETING_VERSION = 1.0;
				PRODUCT_BUNDLE_IDENTIFIER = com.memento.trendyTests;
				PRODUCT_NAME = "$(TARGET_NAME)";
				SWIFT_EMIT_LOC_STRINGS = NO;
				SWIFT_VERSION = 5.0;
				TARGETED_DEVICE_FAMILY = "1,2";
				TEST_HOST = "$(BUILT_PRODUCTS_DIR)/trendy.app/$(BUNDLE_EXECUTABLE_FOLDER_PATH)/trendy";
			};
			name = Release;
		};
		47312F562E2B3ECA00E7F111 /* Debug */ = {
			isa = XCBuildConfiguration;
			buildSettings = {
				CODE_SIGN_STYLE = Automatic;
				CURRENT_PROJECT_VERSION = 1;
				DEVELOPMENT_TEAM = 6H6N882H4S;
				GENERATE_INFOPLIST_FILE = NO;
				INFOPLIST_FILE = "trendy/trendy-Info.plist";
				MARKETING_VERSION = 1.0;
				PRODUCT_BUNDLE_IDENTIFIER = com.memento.trendyUITests;
				PRODUCT_NAME = "$(TARGET_NAME)";
				SWIFT_EMIT_LOC_STRINGS = NO;
				SWIFT_VERSION = 5.0;
				TARGETED_DEVICE_FAMILY = "1,2";
				TEST_TARGET_NAME = trendy;
			};
			name = Debug;
		};
		47312F572E2B3ECA00E7F111 /* Release */ = {
			isa = XCBuildConfiguration;
			buildSettings = {
				CODE_SIGN_STYLE = Automatic;
				CURRENT_PROJECT_VERSION = 1;
				DEVELOPMENT_TEAM = 6H6N882H4S;
				GENERATE_INFOPLIST_FILE = NO;
				INFOPLIST_FILE = "trendy/trendy-Info.plist";
				MARKETING_VERSION = 1.0;
				PRODUCT_BUNDLE_IDENTIFIER = com.memento.trendyUITests;
				PRODUCT_NAME = "$(TARGET_NAME)";
				SWIFT_EMIT_LOC_STRINGS = NO;
				SWIFT_VERSION = 5.0;
				TARGETED_DEVICE_FAMILY = "1,2";
				TEST_TARGET_NAME = trendy;
			};
			name = Release;
		};
		47CA3F332EC41867004C79DB /* Staging */ = {
			isa = XCBuildConfiguration;
			baseConfigurationReference = 47CA3F3D2EC418BB004C79DB /* Staging.xcconfig */;
			buildSettings = {
				ALWAYS_SEARCH_USER_PATHS = NO;
				ASSETCATALOG_COMPILER_GENERATE_SWIFT_ASSET_SYMBOL_EXTENSIONS = YES;
				CLANG_ANALYZER_NONNULL = YES;
				CLANG_ANALYZER_NUMBER_OBJECT_CONVERSION = YES_AGGRESSIVE;
				CLANG_CXX_LANGUAGE_STANDARD = "gnu++20";
				CLANG_ENABLE_MODULES = YES;
				CLANG_ENABLE_OBJC_ARC = YES;
				CLANG_ENABLE_OBJC_WEAK = YES;
				CLANG_WARN_BLOCK_CAPTURE_AUTORELEASING = YES;
				CLANG_WARN_BOOL_CONVERSION = YES;
				CLANG_WARN_COMMA = YES;
				CLANG_WARN_CONSTANT_CONVERSION = YES;
				CLANG_WARN_DEPRECATED_OBJC_IMPLEMENTATIONS = YES;
				CLANG_WARN_DIRECT_OBJC_ISA_USAGE = YES_ERROR;
				CLANG_WARN_DOCUMENTATION_COMMENTS = YES;
				CLANG_WARN_EMPTY_BODY = YES;
				CLANG_WARN_ENUM_CONVERSION = YES;
				CLANG_WARN_INFINITE_RECURSION = YES;
				CLANG_WARN_INT_CONVERSION = YES;
				CLANG_WARN_NON_LITERAL_NULL_CONVERSION = YES;
				CLANG_WARN_OBJC_IMPLICIT_RETAIN_SELF = YES;
				CLANG_WARN_OBJC_LITERAL_CONVERSION = YES;
				CLANG_WARN_OBJC_ROOT_CLASS = YES_ERROR;
				CLANG_WARN_QUOTED_INCLUDE_IN_FRAMEWORK_HEADER = YES;
				CLANG_WARN_RANGE_LOOP_ANALYSIS = YES;
				CLANG_WARN_STRICT_PROTOTYPES = YES;
				CLANG_WARN_SUSPICIOUS_MOVE = YES;
				CLANG_WARN_UNGUARDED_AVAILABILITY = YES_AGGRESSIVE;
				CLANG_WARN_UNREACHABLE_CODE = YES;
				CLANG_WARN__DUPLICATE_METHOD_MATCH = YES;
				COPY_PHASE_STRIP = NO;
				DEBUG_INFORMATION_FORMAT = dwarf;
				DEVELOPMENT_TEAM = 6H6N882H4S;
				ENABLE_STRICT_OBJC_MSGSEND = YES;
				ENABLE_TESTABILITY = YES;
				ENABLE_USER_SCRIPT_SANDBOXING = YES;
				GCC_C_LANGUAGE_STANDARD = gnu17;
				GCC_DYNAMIC_NO_PIC = NO;
				GCC_NO_COMMON_BLOCKS = YES;
				GCC_OPTIMIZATION_LEVEL = 0;
				GCC_PREPROCESSOR_DEFINITIONS = (
					"DEBUG=1",
					"$(inherited)",
				);
				GCC_WARN_64_TO_32_BIT_CONVERSION = YES;
				GCC_WARN_ABOUT_RETURN_TYPE = YES_ERROR;
				GCC_WARN_UNDECLARED_SELECTOR = YES;
				GCC_WARN_UNINITIALIZED_AUTOS = YES_AGGRESSIVE;
				GCC_WARN_UNUSED_FUNCTION = YES;
				GCC_WARN_UNUSED_VARIABLE = YES;
				IPHONEOS_DEPLOYMENT_TARGET = 18.5;
				LOCALIZATION_PREFERS_STRING_CATALOGS = YES;
				MTL_ENABLE_DEBUG_INFO = INCLUDE_SOURCE;
				MTL_FAST_MATH = YES;
				ONLY_ACTIVE_ARCH = YES;
				SDKROOT = iphoneos;
				STRING_CATALOG_GENERATE_SYMBOLS = YES;
				SWIFT_ACTIVE_COMPILATION_CONDITIONS = "DEBUG $(inherited)";
				SWIFT_OPTIMIZATION_LEVEL = "-Onone";
			};
			name = Staging;
		};
		47CA3F342EC41867004C79DB /* Staging */ = {
			isa = XCBuildConfiguration;
			baseConfigurationReference = 47CA3F3D2EC418BB004C79DB /* Staging.xcconfig */;
			buildSettings = {
				ASSETCATALOG_COMPILER_APPICON_NAME = AppIcon;
				ASSETCATALOG_COMPILER_GLOBAL_ACCENT_COLOR_NAME = AccentColor;
				CODE_SIGN_ENTITLEMENTS = trendy/trendy.entitlements;
				CODE_SIGN_STYLE = Automatic;
				CURRENT_PROJECT_VERSION = 1;
				DEVELOPMENT_TEAM = 6H6N882H4S;
				ENABLE_PREVIEWS = YES;
				GENERATE_INFOPLIST_FILE = NO;
				INFOPLIST_FILE = "trendy/trendy-Info.plist";
				INFOPLIST_KEY_NSCalendarsFullAccessUsageDescription = "This app needs full access to your calendar to import events for tracking and visualization.";
				INFOPLIST_KEY_NSCalendarsUsageDescription = "This app needs access to your calendar to import events for tracking and visualization.";
				INFOPLIST_KEY_UIApplicationSceneManifest_Generation = YES;
				INFOPLIST_KEY_UIApplicationSupportsIndirectInputEvents = YES;
				INFOPLIST_KEY_UILaunchScreen_Generation = YES;
				INFOPLIST_KEY_UISupportedInterfaceOrientations_iPad = "UIInterfaceOrientationPortrait UIInterfaceOrientationPortraitUpsideDown UIInterfaceOrientationLandscapeLeft UIInterfaceOrientationLandscapeRight";
				INFOPLIST_KEY_UISupportedInterfaceOrientations_iPhone = "UIInterfaceOrientationPortrait UIInterfaceOrientationLandscapeLeft UIInterfaceOrientationLandscapeRight";
				IPHONEOS_DEPLOYMENT_TARGET = 26.0;
				LD_RUNPATH_SEARCH_PATHS = (
					"$(inherited)",
					"@executable_path/Frameworks",
				);
				MARKETING_VERSION = 1.0;
				PRODUCT_NAME = "$(TARGET_NAME)";
				SWIFT_EMIT_LOC_STRINGS = YES;
				SWIFT_VERSION = 5.0;
				TARGETED_DEVICE_FAMILY = "1,2";
			};
			name = Staging;
		};
		47CA3F352EC41867004C79DB /* Staging */ = {
			isa = XCBuildConfiguration;
			buildSettings = {
				BUNDLE_LOADER = "$(TEST_HOST)";
				CODE_SIGN_STYLE = Automatic;
				CURRENT_PROJECT_VERSION = 1;
				DEVELOPMENT_TEAM = 6H6N882H4S;
				GENERATE_INFOPLIST_FILE = NO;
				INFOPLIST_FILE = "trendy/trendy-Info.plist";
				IPHONEOS_DEPLOYMENT_TARGET = 26.0;
				MARKETING_VERSION = 1.0;
				PRODUCT_BUNDLE_IDENTIFIER = com.memento.trendyTests;
				PRODUCT_NAME = "$(TARGET_NAME)";
				SWIFT_EMIT_LOC_STRINGS = NO;
				SWIFT_VERSION = 5.0;
				TARGETED_DEVICE_FAMILY = "1,2";
				TEST_HOST = "$(BUILT_PRODUCTS_DIR)/trendy.app/$(BUNDLE_EXECUTABLE_FOLDER_PATH)/trendy";
			};
			name = Staging;
		};
		47CA3F362EC41867004C79DB /* Staging */ = {
			isa = XCBuildConfiguration;
			buildSettings = {
				CODE_SIGN_STYLE = Automatic;
				CURRENT_PROJECT_VERSION = 1;
				DEVELOPMENT_TEAM = 6H6N882H4S;
				GENERATE_INFOPLIST_FILE = NO;
				INFOPLIST_FILE = "trendy/trendy-Info.plist";
				MARKETING_VERSION = 1.0;
				PRODUCT_BUNDLE_IDENTIFIER = com.memento.trendyUITests;
				PRODUCT_NAME = "$(TARGET_NAME)";
				SWIFT_EMIT_LOC_STRINGS = NO;
				SWIFT_VERSION = 5.0;
				TARGETED_DEVICE_FAMILY = "1,2";
				TEST_TARGET_NAME = trendy;
			};
			name = Staging;
		};
		47CA3F372EC41873004C79DB /* TestFlight */ = {
			isa = XCBuildConfiguration;
			baseConfigurationReference = 47CA3F3F2EC418C5004C79DB /* TestFlight.xcconfig */;
			buildSettings = {
				ALWAYS_SEARCH_USER_PATHS = NO;
				ASSETCATALOG_COMPILER_GENERATE_SWIFT_ASSET_SYMBOL_EXTENSIONS = YES;
				CLANG_ANALYZER_NONNULL = YES;
				CLANG_ANALYZER_NUMBER_OBJECT_CONVERSION = YES_AGGRESSIVE;
				CLANG_CXX_LANGUAGE_STANDARD = "gnu++20";
				CLANG_ENABLE_MODULES = YES;
				CLANG_ENABLE_OBJC_ARC = YES;
				CLANG_ENABLE_OBJC_WEAK = YES;
				CLANG_WARN_BLOCK_CAPTURE_AUTORELEASING = YES;
				CLANG_WARN_BOOL_CONVERSION = YES;
				CLANG_WARN_COMMA = YES;
				CLANG_WARN_CONSTANT_CONVERSION = YES;
				CLANG_WARN_DEPRECATED_OBJC_IMPLEMENTATIONS = YES;
				CLANG_WARN_DIRECT_OBJC_ISA_USAGE = YES_ERROR;
				CLANG_WARN_DOCUMENTATION_COMMENTS = YES;
				CLANG_WARN_EMPTY_BODY = YES;
				CLANG_WARN_ENUM_CONVERSION = YES;
				CLANG_WARN_INFINITE_RECURSION = YES;
				CLANG_WARN_INT_CONVERSION = YES;
				CLANG_WARN_NON_LITERAL_NULL_CONVERSION = YES;
				CLANG_WARN_OBJC_IMPLICIT_RETAIN_SELF = YES;
				CLANG_WARN_OBJC_LITERAL_CONVERSION = YES;
				CLANG_WARN_OBJC_ROOT_CLASS = YES_ERROR;
				CLANG_WARN_QUOTED_INCLUDE_IN_FRAMEWORK_HEADER = YES;
				CLANG_WARN_RANGE_LOOP_ANALYSIS = YES;
				CLANG_WARN_STRICT_PROTOTYPES = YES;
				CLANG_WARN_SUSPICIOUS_MOVE = YES;
				CLANG_WARN_UNGUARDED_AVAILABILITY = YES_AGGRESSIVE;
				CLANG_WARN_UNREACHABLE_CODE = YES;
				CLANG_WARN__DUPLICATE_METHOD_MATCH = YES;
				COPY_PHASE_STRIP = NO;
				DEBUG_INFORMATION_FORMAT = "dwarf-with-dsym";
				DEVELOPMENT_TEAM = 6H6N882H4S;
				ENABLE_NS_ASSERTIONS = NO;
				ENABLE_STRICT_OBJC_MSGSEND = YES;
				ENABLE_USER_SCRIPT_SANDBOXING = YES;
				GCC_C_LANGUAGE_STANDARD = gnu17;
				GCC_NO_COMMON_BLOCKS = YES;
				GCC_WARN_64_TO_32_BIT_CONVERSION = YES;
				GCC_WARN_ABOUT_RETURN_TYPE = YES_ERROR;
				GCC_WARN_UNDECLARED_SELECTOR = YES;
				GCC_WARN_UNINITIALIZED_AUTOS = YES_AGGRESSIVE;
				GCC_WARN_UNUSED_FUNCTION = YES;
				GCC_WARN_UNUSED_VARIABLE = YES;
				IPHONEOS_DEPLOYMENT_TARGET = 18.5;
				LOCALIZATION_PREFERS_STRING_CATALOGS = YES;
				MTL_ENABLE_DEBUG_INFO = NO;
				MTL_FAST_MATH = YES;
				SDKROOT = iphoneos;
				STRING_CATALOG_GENERATE_SYMBOLS = YES;
				SWIFT_COMPILATION_MODE = wholemodule;
				VALIDATE_PRODUCT = YES;
			};
			name = TestFlight;
		};
		47CA3F382EC41873004C79DB /* TestFlight */ = {
			isa = XCBuildConfiguration;
			baseConfigurationReference = 47CA3F3F2EC418C5004C79DB /* TestFlight.xcconfig */;
			buildSettings = {
				ASSETCATALOG_COMPILER_APPICON_NAME = AppIcon;
				ASSETCATALOG_COMPILER_GLOBAL_ACCENT_COLOR_NAME = AccentColor;
				CODE_SIGN_ENTITLEMENTS = trendy/trendy.entitlements;
				CODE_SIGN_STYLE = Automatic;
				CURRENT_PROJECT_VERSION = 1;
				DEVELOPMENT_TEAM = 6H6N882H4S;
				ENABLE_PREVIEWS = YES;
				GENERATE_INFOPLIST_FILE = NO;
				INFOPLIST_FILE = "trendy/trendy-Info.plist";
				INFOPLIST_KEY_NSCalendarsFullAccessUsageDescription = "This app needs full access to your calendar to import events for tracking and visualization.";
				INFOPLIST_KEY_NSCalendarsUsageDescription = "This app needs access to your calendar to import events for tracking and visualization.";
				INFOPLIST_KEY_UIApplicationSceneManifest_Generation = YES;
				INFOPLIST_KEY_UIApplicationSupportsIndirectInputEvents = YES;
				INFOPLIST_KEY_UILaunchScreen_Generation = YES;
				INFOPLIST_KEY_UISupportedInterfaceOrientations_iPad = "UIInterfaceOrientationPortrait UIInterfaceOrientationPortraitUpsideDown UIInterfaceOrientationLandscapeLeft UIInterfaceOrientationLandscapeRight";
				INFOPLIST_KEY_UISupportedInterfaceOrientations_iPhone = "UIInterfaceOrientationPortrait UIInterfaceOrientationLandscapeLeft UIInterfaceOrientationLandscapeRight";
				IPHONEOS_DEPLOYMENT_TARGET = 26.0;
				LD_RUNPATH_SEARCH_PATHS = (
					"$(inherited)",
					"@executable_path/Frameworks",
				);
				MARKETING_VERSION = 1.0;
				PRODUCT_NAME = "$(TARGET_NAME)";
				SWIFT_EMIT_LOC_STRINGS = YES;
				SWIFT_VERSION = 5.0;
				TARGETED_DEVICE_FAMILY = "1,2";
			};
			name = TestFlight;
		};
		47CA3F392EC41873004C79DB /* TestFlight */ = {
			isa = XCBuildConfiguration;
			buildSettings = {
				BUNDLE_LOADER = "$(TEST_HOST)";
				CODE_SIGN_STYLE = Automatic;
				CURRENT_PROJECT_VERSION = 1;
				DEVELOPMENT_TEAM = 6H6N882H4S;
				GENERATE_INFOPLIST_FILE = NO;
				INFOPLIST_FILE = "trendy/trendy-Info.plist";
				IPHONEOS_DEPLOYMENT_TARGET = 26.0;
				MARKETING_VERSION = 1.0;
				PRODUCT_BUNDLE_IDENTIFIER = com.memento.trendyTests;
				PRODUCT_NAME = "$(TARGET_NAME)";
				SWIFT_EMIT_LOC_STRINGS = NO;
				SWIFT_VERSION = 5.0;
				TARGETED_DEVICE_FAMILY = "1,2";
				TEST_HOST = "$(BUILT_PRODUCTS_DIR)/trendy.app/$(BUNDLE_EXECUTABLE_FOLDER_PATH)/trendy";
			};
			name = TestFlight;
		};
		47CA3F3A2EC41873004C79DB /* TestFlight */ = {
			isa = XCBuildConfiguration;
			buildSettings = {
				CODE_SIGN_STYLE = Automatic;
				CURRENT_PROJECT_VERSION = 1;
				DEVELOPMENT_TEAM = 6H6N882H4S;
				GENERATE_INFOPLIST_FILE = NO;
				INFOPLIST_FILE = "trendy/trendy-Info.plist";
				MARKETING_VERSION = 1.0;
				PRODUCT_BUNDLE_IDENTIFIER = com.memento.trendyUITests;
				PRODUCT_NAME = "$(TARGET_NAME)";
				SWIFT_EMIT_LOC_STRINGS = NO;
				SWIFT_VERSION = 5.0;
				TARGETED_DEVICE_FAMILY = "1,2";
				TEST_TARGET_NAME = trendy;
			};
			name = TestFlight;
		};
		DE6E7D292ED7CEAA006CA4DD /* Debug */ = {
			isa = XCBuildConfiguration;
			buildSettings = {
				ASSETCATALOG_COMPILER_GLOBAL_ACCENT_COLOR_NAME = AccentColor;
				ASSETCATALOG_COMPILER_WIDGET_BACKGROUND_COLOR_NAME = WidgetBackground;
				CODE_SIGN_ENTITLEMENTS = TrendyWidgetsExtension.entitlements;
				CODE_SIGN_STYLE = Automatic;
				CURRENT_PROJECT_VERSION = 13;
				DEVELOPMENT_TEAM = 6H6N882H4S;
				GENERATE_INFOPLIST_FILE = YES;
				INFOPLIST_FILE = TrendyWidgets/Info.plist;
				INFOPLIST_KEY_CFBundleDisplayName = TrendyWidgets;
				INFOPLIST_KEY_NSHumanReadableCopyright = "";
				IPHONEOS_DEPLOYMENT_TARGET = 26.1;
				LD_RUNPATH_SEARCH_PATHS = (
					"$(inherited)",
					"@executable_path/Frameworks",
					"@executable_path/../../Frameworks",
				);
				MARKETING_VERSION = 1.0.0;
				PRODUCT_BUNDLE_IDENTIFIER = com.shadowlabs.trendsight.dev.TrendyWidgetsExtension;
				PRODUCT_NAME = "$(TARGET_NAME)";
				SKIP_INSTALL = YES;
				STRING_CATALOG_GENERATE_SYMBOLS = YES;
				SWIFT_APPROACHABLE_CONCURRENCY = YES;
				SWIFT_EMIT_LOC_STRINGS = YES;
				SWIFT_UPCOMING_FEATURE_MEMBER_IMPORT_VISIBILITY = YES;
				SWIFT_VERSION = 5.0;
				TARGETED_DEVICE_FAMILY = "1,2";
			};
			name = Debug;
		};
		DE6E7D2A2ED7CEAA006CA4DD /* Staging */ = {
			isa = XCBuildConfiguration;
			buildSettings = {
				ASSETCATALOG_COMPILER_GLOBAL_ACCENT_COLOR_NAME = AccentColor;
				ASSETCATALOG_COMPILER_WIDGET_BACKGROUND_COLOR_NAME = WidgetBackground;
				CODE_SIGN_ENTITLEMENTS = TrendyWidgetsExtension.entitlements;
				CODE_SIGN_STYLE = Automatic;
				CURRENT_PROJECT_VERSION = 13;
				DEVELOPMENT_TEAM = 6H6N882H4S;
				GENERATE_INFOPLIST_FILE = YES;
				INFOPLIST_FILE = TrendyWidgets/Info.plist;
				INFOPLIST_KEY_CFBundleDisplayName = TrendyWidgets;
				INFOPLIST_KEY_NSHumanReadableCopyright = "";
				IPHONEOS_DEPLOYMENT_TARGET = 26.1;
				LD_RUNPATH_SEARCH_PATHS = (
					"$(inherited)",
					"@executable_path/Frameworks",
					"@executable_path/../../Frameworks",
				);
				MARKETING_VERSION = 1.0.0;
				PRODUCT_BUNDLE_IDENTIFIER = com.shadowlabs.trendsight.staging.TrendyWidgetsExtension;
				PRODUCT_NAME = "$(TARGET_NAME)";
				SKIP_INSTALL = YES;
				STRING_CATALOG_GENERATE_SYMBOLS = YES;
				SWIFT_APPROACHABLE_CONCURRENCY = YES;
				SWIFT_EMIT_LOC_STRINGS = YES;
				SWIFT_UPCOMING_FEATURE_MEMBER_IMPORT_VISIBILITY = YES;
				SWIFT_VERSION = 5.0;
				TARGETED_DEVICE_FAMILY = "1,2";
			};
			name = Staging;
		};
		DE6E7D2B2ED7CEAA006CA4DD /* Release */ = {
			isa = XCBuildConfiguration;
			buildSettings = {
				ASSETCATALOG_COMPILER_GLOBAL_ACCENT_COLOR_NAME = AccentColor;
				ASSETCATALOG_COMPILER_WIDGET_BACKGROUND_COLOR_NAME = WidgetBackground;
				CODE_SIGN_ENTITLEMENTS = TrendyWidgetsExtension.entitlements;
				CODE_SIGN_STYLE = Automatic;
				CURRENT_PROJECT_VERSION = 13;
				DEVELOPMENT_TEAM = 6H6N882H4S;
				GENERATE_INFOPLIST_FILE = YES;
				INFOPLIST_FILE = TrendyWidgets/Info.plist;
				INFOPLIST_KEY_CFBundleDisplayName = TrendyWidgets;
				INFOPLIST_KEY_NSHumanReadableCopyright = "";
				IPHONEOS_DEPLOYMENT_TARGET = 26.1;
				LD_RUNPATH_SEARCH_PATHS = (
					"$(inherited)",
					"@executable_path/Frameworks",
					"@executable_path/../../Frameworks",
				);
				MARKETING_VERSION = 1.0.0;
				PRODUCT_BUNDLE_IDENTIFIER = com.shadowlabs.trendsight.TrendyWidgetsExtension;
				PRODUCT_NAME = "$(TARGET_NAME)";
				SKIP_INSTALL = YES;
				STRING_CATALOG_GENERATE_SYMBOLS = YES;
				SWIFT_APPROACHABLE_CONCURRENCY = YES;
				SWIFT_EMIT_LOC_STRINGS = YES;
				SWIFT_UPCOMING_FEATURE_MEMBER_IMPORT_VISIBILITY = YES;
				SWIFT_VERSION = 5.0;
				TARGETED_DEVICE_FAMILY = "1,2";
			};
			name = Release;
		};
		DE6E7D2C2ED7CEAA006CA4DD /* TestFlight */ = {
			isa = XCBuildConfiguration;
			buildSettings = {
				ASSETCATALOG_COMPILER_GLOBAL_ACCENT_COLOR_NAME = AccentColor;
				ASSETCATALOG_COMPILER_WIDGET_BACKGROUND_COLOR_NAME = WidgetBackground;
				CODE_SIGN_ENTITLEMENTS = TrendyWidgetsExtension.entitlements;
				CODE_SIGN_STYLE = Automatic;
				CURRENT_PROJECT_VERSION = 13;
				DEVELOPMENT_TEAM = 6H6N882H4S;
				GENERATE_INFOPLIST_FILE = YES;
				INFOPLIST_FILE = TrendyWidgets/Info.plist;
				INFOPLIST_KEY_CFBundleDisplayName = TrendyWidgets;
				INFOPLIST_KEY_NSHumanReadableCopyright = "";
				IPHONEOS_DEPLOYMENT_TARGET = 26.1;
				LD_RUNPATH_SEARCH_PATHS = (
					"$(inherited)",
					"@executable_path/Frameworks",
					"@executable_path/../../Frameworks",
				);
				MARKETING_VERSION = 1.0.0;
				PRODUCT_BUNDLE_IDENTIFIER = com.shadowlabs.trendsight.TrendyWidgetsExtension;
				PRODUCT_NAME = "$(TARGET_NAME)";
				SKIP_INSTALL = YES;
				STRING_CATALOG_GENERATE_SYMBOLS = YES;
				SWIFT_APPROACHABLE_CONCURRENCY = YES;
				SWIFT_EMIT_LOC_STRINGS = YES;
				SWIFT_UPCOMING_FEATURE_MEMBER_IMPORT_VISIBILITY = YES;
				SWIFT_VERSION = 5.0;
				TARGETED_DEVICE_FAMILY = "1,2";
			};
			name = TestFlight;
		};
		DE6E7D5C2EF4A100006CA4DD /* ProductionDebug */ = {
			isa = XCBuildConfiguration;
			baseConfigurationReference = DE6E7D5A2EF4A100006CA4DD /* ProductionDebug.xcconfig */;
			buildSettings = {
				ALWAYS_SEARCH_USER_PATHS = NO;
				ASSETCATALOG_COMPILER_GENERATE_SWIFT_ASSET_SYMBOL_EXTENSIONS = YES;
				CLANG_ANALYZER_NONNULL = YES;
				CLANG_ANALYZER_NUMBER_OBJECT_CONVERSION = YES_AGGRESSIVE;
				CLANG_CXX_LANGUAGE_STANDARD = "gnu++20";
				CLANG_ENABLE_MODULES = YES;
				CLANG_ENABLE_OBJC_ARC = YES;
				CLANG_ENABLE_OBJC_WEAK = YES;
				CLANG_WARN_BLOCK_CAPTURE_AUTORELEASING = YES;
				CLANG_WARN_BOOL_CONVERSION = YES;
				CLANG_WARN_COMMA = YES;
				CLANG_WARN_CONSTANT_CONVERSION = YES;
				CLANG_WARN_DEPRECATED_OBJC_IMPLEMENTATIONS = YES;
				CLANG_WARN_DIRECT_OBJC_ISA_USAGE = YES_ERROR;
				CLANG_WARN_DOCUMENTATION_COMMENTS = YES;
				CLANG_WARN_EMPTY_BODY = YES;
				CLANG_WARN_ENUM_CONVERSION = YES;
				CLANG_WARN_INFINITE_RECURSION = YES;
				CLANG_WARN_INT_CONVERSION = YES;
				CLANG_WARN_NON_LITERAL_NULL_CONVERSION = YES;
				CLANG_WARN_OBJC_IMPLICIT_RETAIN_SELF = YES;
				CLANG_WARN_OBJC_LITERAL_CONVERSION = YES;
				CLANG_WARN_OBJC_ROOT_CLASS = YES_ERROR;
				CLANG_WARN_QUOTED_INCLUDE_IN_FRAMEWORK_HEADER = YES;
				CLANG_WARN_RANGE_LOOP_ANALYSIS = YES;
				CLANG_WARN_STRICT_PROTOTYPES = YES;
				CLANG_WARN_SUSPICIOUS_MOVE = YES;
				CLANG_WARN_UNGUARDED_AVAILABILITY = YES_AGGRESSIVE;
				CLANG_WARN_UNREACHABLE_CODE = YES;
				CLANG_WARN__DUPLICATE_METHOD_MATCH = YES;
				COPY_PHASE_STRIP = NO;
				DEBUG_INFORMATION_FORMAT = dwarf;
				DEVELOPMENT_TEAM = 6H6N882H4S;
				ENABLE_STRICT_OBJC_MSGSEND = YES;
				ENABLE_TESTABILITY = YES;
				ENABLE_USER_SCRIPT_SANDBOXING = YES;
				GCC_C_LANGUAGE_STANDARD = gnu17;
				GCC_DYNAMIC_NO_PIC = NO;
				GCC_NO_COMMON_BLOCKS = YES;
				GCC_OPTIMIZATION_LEVEL = 0;
				GCC_PREPROCESSOR_DEFINITIONS = (
					"DEBUG=1",
					"$(inherited)",
				);
				GCC_WARN_64_TO_32_BIT_CONVERSION = YES;
				GCC_WARN_ABOUT_RETURN_TYPE = YES_ERROR;
				GCC_WARN_UNDECLARED_SELECTOR = YES;
				GCC_WARN_UNINITIALIZED_AUTOS = YES_AGGRESSIVE;
				GCC_WARN_UNUSED_FUNCTION = YES;
				GCC_WARN_UNUSED_VARIABLE = YES;
				IPHONEOS_DEPLOYMENT_TARGET = 18.5;
				LOCALIZATION_PREFERS_STRING_CATALOGS = YES;
				MTL_ENABLE_DEBUG_INFO = INCLUDE_SOURCE;
				MTL_FAST_MATH = YES;
				ONLY_ACTIVE_ARCH = YES;
				SDKROOT = iphoneos;
				STRING_CATALOG_GENERATE_SYMBOLS = YES;
				SWIFT_ACTIVE_COMPILATION_CONDITIONS = "DEBUG $(inherited)";
				SWIFT_OPTIMIZATION_LEVEL = "-Onone";
			};
			name = ProductionDebug;
		};
		DE6E7D5D2EF4A100006CA4DD /* ProductionDebug */ = {
			isa = XCBuildConfiguration;
			baseConfigurationReference = DE6E7D5A2EF4A100006CA4DD /* ProductionDebug.xcconfig */;
			buildSettings = {
				API_BASE_URL = "https:/$()/trendy-api-prod-541486728137.us-central1.run.app/api/v1";
				"API_BASE_URL[arch=*]" = "https:/$()/trendy-api-prod-541486728137.us-central1.run.app/api/v1";
				ASSETCATALOG_COMPILER_APPICON_NAME = AppIcon;
				ASSETCATALOG_COMPILER_GLOBAL_ACCENT_COLOR_NAME = AccentColor;
				CODE_SIGN_ENTITLEMENTS = trendy/trendy.entitlements;
				CODE_SIGN_STYLE = Automatic;
				CURRENT_PROJECT_VERSION = 1;
				DEVELOPMENT_TEAM = 6H6N882H4S;
				ENABLE_PREVIEWS = YES;
				GENERATE_INFOPLIST_FILE = NO;
				INFOPLIST_FILE = "trendy/trendy-Info.plist";
				INFOPLIST_KEY_NSCalendarsFullAccessUsageDescription = "This app needs full access to your calendar to import events for tracking and visualization.";
				INFOPLIST_KEY_NSCalendarsUsageDescription = "This app needs access to your calendar to import events for tracking and visualization.";
				INFOPLIST_KEY_UIApplicationSceneManifest_Generation = YES;
				INFOPLIST_KEY_UIApplicationSupportsIndirectInputEvents = YES;
				INFOPLIST_KEY_UILaunchScreen_Generation = YES;
				INFOPLIST_KEY_UISupportedInterfaceOrientations_iPad = "UIInterfaceOrientationPortrait UIInterfaceOrientationPortraitUpsideDown UIInterfaceOrientationLandscapeLeft UIInterfaceOrientationLandscapeRight";
				INFOPLIST_KEY_UISupportedInterfaceOrientations_iPhone = "UIInterfaceOrientationPortrait UIInterfaceOrientationLandscapeLeft UIInterfaceOrientationLandscapeRight";
				IPHONEOS_DEPLOYMENT_TARGET = 26.0;
				LD_RUNPATH_SEARCH_PATHS = (
					"$(inherited)",
					"@executable_path/Frameworks",
				);
				MARKETING_VERSION = 1.0;
				PRODUCT_NAME = "$(TARGET_NAME)";
				SUPABASE_ANON_KEY = "sb_publishable_SraJB44Ph6xwzsxvH-yXrA_BDK0oheV";
				SUPABASE_URL = "https:/$()/cwxghazeohicindcznhx.supabase.co";
				SWIFT_EMIT_LOC_STRINGS = YES;
				SWIFT_VERSION = 5.0;
				TARGETED_DEVICE_FAMILY = "1,2";
			};
			name = ProductionDebug;
		};
		DE6E7D5E2EF4A100006CA4DD /* ProductionDebug */ = {
			isa = XCBuildConfiguration;
			buildSettings = {
				BUNDLE_LOADER = "$(TEST_HOST)";
				CODE_SIGN_STYLE = Automatic;
				CURRENT_PROJECT_VERSION = 1;
				DEVELOPMENT_TEAM = 6H6N882H4S;
				GENERATE_INFOPLIST_FILE = NO;
				INFOPLIST_FILE = "trendy/trendy-Info.plist";
				IPHONEOS_DEPLOYMENT_TARGET = 26.0;
				MARKETING_VERSION = 1.0;
				PRODUCT_BUNDLE_IDENTIFIER = com.memento.trendyTests;
				PRODUCT_NAME = "$(TARGET_NAME)";
				SWIFT_EMIT_LOC_STRINGS = NO;
				SWIFT_VERSION = 5.0;
				TARGETED_DEVICE_FAMILY = "1,2";
				TEST_HOST = "$(BUILT_PRODUCTS_DIR)/trendy.app/$(BUNDLE_EXECUTABLE_FOLDER_PATH)/trendy";
			};
			name = ProductionDebug;
		};
		DE6E7D5F2EF4A100006CA4DD /* ProductionDebug */ = {
			isa = XCBuildConfiguration;
			buildSettings = {
				CODE_SIGN_STYLE = Automatic;
				CURRENT_PROJECT_VERSION = 1;
				DEVELOPMENT_TEAM = 6H6N882H4S;
				GENERATE_INFOPLIST_FILE = NO;
				INFOPLIST_FILE = "trendy/trendy-Info.plist";
				MARKETING_VERSION = 1.0;
				PRODUCT_BUNDLE_IDENTIFIER = com.memento.trendyUITests;
				PRODUCT_NAME = "$(TARGET_NAME)";
				SWIFT_EMIT_LOC_STRINGS = NO;
				SWIFT_VERSION = 5.0;
				TARGETED_DEVICE_FAMILY = "1,2";
				TEST_TARGET_NAME = trendy;
			};
			name = ProductionDebug;
		};
		DE6E7D602EF4A100006CA4DD /* ProductionDebug */ = {
			isa = XCBuildConfiguration;
			buildSettings = {
				ASSETCATALOG_COMPILER_GLOBAL_ACCENT_COLOR_NAME = AccentColor;
				ASSETCATALOG_COMPILER_WIDGET_BACKGROUND_COLOR_NAME = WidgetBackground;
				CODE_SIGN_ENTITLEMENTS = TrendyWidgetsExtension.entitlements;
				CODE_SIGN_STYLE = Automatic;
				CURRENT_PROJECT_VERSION = 13;
				DEVELOPMENT_TEAM = 6H6N882H4S;
				GENERATE_INFOPLIST_FILE = YES;
				INFOPLIST_FILE = TrendyWidgets/Info.plist;
				INFOPLIST_KEY_CFBundleDisplayName = TrendyWidgets;
				INFOPLIST_KEY_NSHumanReadableCopyright = "";
				IPHONEOS_DEPLOYMENT_TARGET = 26.1;
				LD_RUNPATH_SEARCH_PATHS = (
					"$(inherited)",
					"@executable_path/Frameworks",
					"@executable_path/../../Frameworks",
				);
				MARKETING_VERSION = 1.0.0;
				PRODUCT_BUNDLE_IDENTIFIER = com.shadowlabs.trendsight.proddebug.TrendyWidgetsExtension;
				PRODUCT_NAME = "$(TARGET_NAME)";
				SKIP_INSTALL = YES;
				STRING_CATALOG_GENERATE_SYMBOLS = YES;
				SWIFT_APPROACHABLE_CONCURRENCY = YES;
				SWIFT_EMIT_LOC_STRINGS = YES;
				SWIFT_UPCOMING_FEATURE_MEMBER_IMPORT_VISIBILITY = YES;
				SWIFT_VERSION = 5.0;
				TARGETED_DEVICE_FAMILY = "1,2";
			};
			name = ProductionDebug;
		};
/* End XCBuildConfiguration section */

/* Begin XCConfigurationList section */
		47312F272E2B3EC800E7F111 /* Build configuration list for PBXProject "trendy" */ = {
			isa = XCConfigurationList;
			buildConfigurations = (
				47312F4D2E2B3ECA00E7F111 /* Debug */,
				47CA3F332EC41867004C79DB /* Staging */,
				47312F4E2E2B3ECA00E7F111 /* Release */,
				47CA3F372EC41873004C79DB /* TestFlight */,
				DE6E7D5C2EF4A100006CA4DD /* ProductionDebug */,
			);
			defaultConfigurationIsVisible = 0;
			defaultConfigurationName = Release;
		};
		47312F4F2E2B3ECA00E7F111 /* Build configuration list for PBXNativeTarget "trendy" */ = {
			isa = XCConfigurationList;
			buildConfigurations = (
				47312F502E2B3ECA00E7F111 /* Debug */,
				47CA3F342EC41867004C79DB /* Staging */,
				47312F512E2B3ECA00E7F111 /* Release */,
				47CA3F382EC41873004C79DB /* TestFlight */,
				DE6E7D5D2EF4A100006CA4DD /* ProductionDebug */,
			);
			defaultConfigurationIsVisible = 0;
			defaultConfigurationName = Release;
		};
		47312F522E2B3ECA00E7F111 /* Build configuration list for PBXNativeTarget "trendyTests" */ = {
			isa = XCConfigurationList;
			buildConfigurations = (
				47312F532E2B3ECA00E7F111 /* Debug */,
				47CA3F352EC41867004C79DB /* Staging */,
				47312F542E2B3ECA00E7F111 /* Release */,
				47CA3F392EC41873004C79DB /* TestFlight */,
				DE6E7D5E2EF4A100006CA4DD /* ProductionDebug */,
			);
			defaultConfigurationIsVisible = 0;
			defaultConfigurationName = Release;
		};
		47312F552E2B3ECA00E7F111 /* Build configuration list for PBXNativeTarget "trendyUITests" */ = {
			isa = XCConfigurationList;
			buildConfigurations = (
				47312F562E2B3ECA00E7F111 /* Debug */,
				47CA3F362EC41867004C79DB /* Staging */,
				47312F572E2B3ECA00E7F111 /* Release */,
				47CA3F3A2EC41873004C79DB /* TestFlight */,
				DE6E7D5F2EF4A100006CA4DD /* ProductionDebug */,
			);
			defaultConfigurationIsVisible = 0;
			defaultConfigurationName = Release;
		};
		DE6E7D2E2ED7CEAA006CA4DD /* Build configuration list for PBXNativeTarget "TrendyWidgetsExtension" */ = {
			isa = XCConfigurationList;
			buildConfigurations = (
				DE6E7D292ED7CEAA006CA4DD /* Debug */,
				DE6E7D2A2ED7CEAA006CA4DD /* Staging */,
				DE6E7D2B2ED7CEAA006CA4DD /* Release */,
				DE6E7D2C2ED7CEAA006CA4DD /* TestFlight */,
				DE6E7D602EF4A100006CA4DD /* ProductionDebug */,
			);
			defaultConfigurationIsVisible = 0;
			defaultConfigurationName = Release;
		};
/* End XCConfigurationList section */

/* Begin XCRemoteSwiftPackageReference section */
		4719559F2EC032B500C72F91 /* XCRemoteSwiftPackageReference "supabase-swift" */ = {
			isa = XCRemoteSwiftPackageReference;
			repositoryURL = "https://github.com/supabase-community/supabase-swift.git";
			requirement = {
				kind = upToNextMajorVersion;
				minimumVersion = 2.5.1;
			};
		};
		4719560A2EF5B10000C72F91 /* XCRemoteSwiftPackageReference "posthog-ios" */ = {
			isa = XCRemoteSwiftPackageReference;
			repositoryURL = "https://github.com/PostHog/posthog-ios.git";
			requirement = {
				kind = upToNextMajorVersion;
				minimumVersion = 3.0.0;
			};
		};
		DE1001282F3E2B0000A01001 /* XCRemoteSwiftPackageReference "ConfettiSwiftUI" */ = {
			isa = XCRemoteSwiftPackageReference;
			repositoryURL = "https://github.com/simibac/ConfettiSwiftUI";
			requirement = {
				kind = upToNextMajorVersion;
				minimumVersion = 2.0.0;
			};
		};
/* End XCRemoteSwiftPackageReference section */

/* Begin XCSwiftPackageProductDependency section */
		471955AB2EC0349400C72F91 /* Supabase */ = {
			isa = XCSwiftPackageProductDependency;
			package = 4719559F2EC032B500C72F91 /* XCRemoteSwiftPackageReference "supabase-swift" */;
			productName = Supabase;
		};
		4719560B2EF5B10100C72F91 /* PostHog */ = {
			isa = XCSwiftPackageProductDependency;
			package = 4719560A2EF5B10000C72F91 /* XCRemoteSwiftPackageReference "posthog-ios" */;
			productName = PostHog;
		};
		DE1001292F3E2B0000A01001 /* ConfettiSwiftUI */ = {
			isa = XCSwiftPackageProductDependency;
			package = DE1001282F3E2B0000A01001 /* XCRemoteSwiftPackageReference "ConfettiSwiftUI" */;
			productName = ConfettiSwiftUI;
		};
/* End XCSwiftPackageProductDependency section */
	};
	rootObject = 47312F242E2B3EC800E7F111 /* Project object */;
}
